version = 1
revision = 1
requires-python = ">=3.11"

[[package]]
name = "appdirs"
version = "1.4.4"
source = { registry = "https://pypi.org/simple" }
sdist = { url = "https://files.pythonhosted.org/packages/d7/d8/05696357e0311f5b5c316d7b95f46c669dd9c15aaeecbb48c7d0aeb88c40/appdirs-1.4.4.tar.gz", hash = "sha256:7d5d0167b2b1ba821647616af46a749d1c653740dd0d2415100fe26e27afdf41", size = 13470 }
wheels = [
    { url = "https://files.pythonhosted.org/packages/3b/00/2344469e2084fb287c2e0b57b72910309874c3245463acd6cf5e3db69324/appdirs-1.4.4-py2.py3-none-any.whl", hash = "sha256:a841dacd6b99318a741b166adb07e19ee71a274450e68237b4650ca1055ab128", size = 9566 },
]

[[package]]
name = "certifi"
version = "2021.5.30"
source = { registry = "https://pypi.org/simple" }
sdist = { url = "https://files.pythonhosted.org/packages/6d/78/f8db8d57f520a54f0b8a438319c342c61c22759d8f9a1cd2e2180b5e5ea9/certifi-2021.5.30.tar.gz", hash = "sha256:2bbf76fd432960138b3ef6dda3dde0544f27cbf8546c458e60baf371917ba9ee", size = 147455 }
wheels = [
    { url = "https://files.pythonhosted.org/packages/05/1b/0a0dece0e8aa492a6ec9e4ad2fe366b511558cdc73fd3abc82ba7348e875/certifi-2021.5.30-py2.py3-none-any.whl", hash = "sha256:50b1e4f8446b06f41be7dd6338db18e0990601dce795c2b1686458aa7e8fa7d8", size = 145532 },
]

[[package]]
name = "click"
version = "8.0.1"
source = { registry = "https://pypi.org/simple" }
dependencies = [
    { name = "colorama", marker = "sys_platform == 'win32'" },
]
sdist = { url = "https://files.pythonhosted.org/packages/21/83/308a74ca1104fe1e3197d31693a7a2db67c2d4e668f20f43a2fca491f9f7/click-8.0.1.tar.gz", hash = "sha256:8c04c11192119b1ef78ea049e0a6f0463e4c48ef00a30160c704337586f3ad7a", size = 327655 }
wheels = [
    { url = "https://files.pythonhosted.org/packages/76/0a/b6c5f311e32aeb3b406e03c079ade51e905ea630fc19d1262a46249c1c86/click-8.0.1-py3-none-any.whl", hash = "sha256:fba402a4a47334742d782209a7c79bc448911afe1149d07bdabdf480b3e2f4b6", size = 97404 },
]

[[package]]
name = "colorama"
version = "0.4.6"
source = { registry = "https://pypi.org/simple" }
sdist = { url = "https://files.pythonhosted.org/packages/d8/53/6f443c9a4a8358a93a6792e2acffb9d9d5cb0a5cfd8802644b7b1c9a02e4/colorama-0.4.6.tar.gz", hash = "sha256:08695f5cb7ed6e0531a20572697297273c47b8cae5a63ffc6d6ed5c201be6e44", size = 27697 }
wheels = [
    { url = "https://files.pythonhosted.org/packages/d1/d6/3965ed04c63042e047cb6a3e6ed1a63a35087b6a609aa3a15ed8ac56c221/colorama-0.4.6-py2.py3-none-any.whl", hash = "sha256:4f1d9991f5acc0ca119f9d443620b77f9d6b33703e51011c16baf57afb285fc6", size = 25335 },
]

[[package]]
name = "flask"
version = "2.0.1"
source = { registry = "https://pypi.org/simple" }
dependencies = [
    { name = "click" },
    { name = "itsdangerous" },
    { name = "jinja2" },
    { name = "werkzeug" },
]
sdist = { url = "https://files.pythonhosted.org/packages/c0/df/c516b5f38a670b6b0de604c2637ed5860db03692c2f8542fd1f60c2552a7/Flask-2.0.1.tar.gz", hash = "sha256:1c4c257b1892aec1398784c63791cbaa43062f1f7aeb555c4da961b20ee68f55", size = 626851 }
wheels = [
    { url = "https://files.pythonhosted.org/packages/54/4f/1b294c1a4ab7b2ad5ca5fc4a9a65a22ef1ac48be126289d97668852d4ab3/Flask-2.0.1-py3-none-any.whl", hash = "sha256:a6209ca15eb63fc9385f38e452704113d679511d9574d09b2cf9183ae7d20dc9", size = 94797 },
]

[[package]]
name = "flask-cors"
version = "3.0.10"
source = { registry = "https://pypi.org/simple" }
dependencies = [
    { name = "flask" },
    { name = "six" },
]
sdist = { url = "https://files.pythonhosted.org/packages/cf/25/e3b2553d22ed542be807739556c69621ad2ab276ae8d5d2560f4ed20f652/Flask-Cors-3.0.10.tar.gz", hash = "sha256:b60839393f3b84a0f3746f6cdca56c1ad7426aa738b70d6c61375857823181de", size = 30867 }
wheels = [
    { url = "https://files.pythonhosted.org/packages/db/84/901e700de86604b1c4ef4b57110d4e947c218b9997adf5d38fa7da493bce/Flask_Cors-3.0.10-py2.py3-none-any.whl", hash = "sha256:74efc975af1194fc7891ff5cd85b0f7478be4f7f59fe158102e91abb72bb4438", size = 14067 },
]

[[package]]
name = "itsdangerous"
version = "2.0.1"
source = { registry = "https://pypi.org/simple" }
sdist = { url = "https://files.pythonhosted.org/packages/58/66/d6c5859dcac92b442626427a8c7a42322068c5cd5d4a463ce78b93f730b7/itsdangerous-2.0.1.tar.gz", hash = "sha256:9e724d68fc22902a1435351f84c3fb8623f303fffcc566a4cb952df8c572cff0", size = 59336 }
wheels = [
    { url = "https://files.pythonhosted.org/packages/9c/96/26f935afba9cd6140216da5add223a0c465b99d0f112b68a4ca426441019/itsdangerous-2.0.1-py3-none-any.whl", hash = "sha256:5174094b9637652bdb841a3029700391451bd092ba3db90600dea710ba28e97c", size = 18326 },
]

[[package]]
name = "jinja2"
version = "3.0.1"
source = { registry = "https://pypi.org/simple" }
dependencies = [
    { name = "markupsafe" },
]
sdist = { url = "https://files.pythonhosted.org/packages/39/11/8076571afd97303dfeb6e466f27187ca4970918d4b36d5326725514d3ed3/Jinja2-3.0.1.tar.gz", hash = "sha256:703f484b47a6af502e743c9122595cc812b0271f661722403114f71a79d0f5a4", size = 267938 }
wheels = [
    { url = "https://files.pythonhosted.org/packages/80/21/ae597efc7ed8caaa43fb35062288baaf99a7d43ff0cf66452ddf47604ee6/Jinja2-3.0.1-py3-none-any.whl", hash = "sha256:1f06f2da51e7b56b8f238affdd6b4e2c61e39598a378cc49345bc1bd42a978a4", size = 133664 },
]

[[package]]
name = "markupsafe"
version = "2.0.1"
source = { registry = "https://pypi.org/simple" }
sdist = { url = "https://files.pythonhosted.org/packages/bf/10/ff66fea6d1788c458663a84d88787bae15d45daa16f6b3ef33322a51fc7e/MarkupSafe-2.0.1.tar.gz", hash = "sha256:594c67807fb16238b30c44bdf74f36c02cdf22d1c8cda91ef8a0ed8dabf5620a", size = 18596 }

[[package]]
name = "mypy-extensions"
version = "0.4.3"
source = { registry = "https://pypi.org/simple" }
sdist = { url = "https://files.pythonhosted.org/packages/63/60/0582ce2eaced55f65a4406fc97beba256de4b7a95a0034c6576458c6519f/mypy_extensions-0.4.3.tar.gz", hash = "sha256:2d82818f5bb3e369420cb3c4060a7970edba416647068eb4c5343488a6c604a8", size = 4252 }
wheels = [
    { url = "https://files.pythonhosted.org/packages/5c/eb/975c7c080f3223a5cdaff09612f3a5221e4ba534f7039db34c35d95fa6a5/mypy_extensions-0.4.3-py2.py3-none-any.whl", hash = "sha256:090fedd75945a69ae91ce1303b5824f428daf5a028d2f6ab8a299250a846f15d", size = 4470 },
]

[[package]]
name = "omnimeter"
version = "0.1.0"
source = { virtual = "." }
dependencies = [
    { name = "appdirs" },
    { name = "certifi" },
    { name = "click" },
    { name = "flask" },
    { name = "flask-cors" },
    { name = "itsdangerous" },
    { name = "jinja2" },
    { name = "markupsafe" },
    { name = "mypy-extensions" },
    { name = "pathspec" },
    { name = "psutil" },
    { name = "py-cpuinfo" },
    { name = "pysimpleguiqt" },
    { name = "werkzeug" },
]

[package.metadata]
requires-dist = [
    { name = "appdirs", specifier = "==1.4.4" },
    { name = "certifi", specifier = "==2021.5.30" },
    { name = "click", specifier = "==8.0.1" },
    { name = "flask", specifier = "==2.0.1" },
    { name = "flask-cors", specifier = "==3.0.10" },
    { name = "itsdangerous", specifier = "==2.0.1" },
    { name = "jinja2", specifier = "==3.0.1" },
    { name = "markupsafe", specifier = "==2.0.1" },
    { name = "mypy-extensions", specifier = "==0.4.3" },
    { name = "pathspec", specifier = "==0.8.1" },
    { name = "psutil", specifier = "==5.8.0" },
    { name = "py-cpuinfo", specifier = "==8.0.0" },
    { name = "pysimpleguiqt", specifier = "==0.35.0" },
    { name = "werkzeug", specifier = "==2.0.1" },
]

[[package]]
name = "pathspec"
version = "0.8.1"
source = { registry = "https://pypi.org/simple" }
sdist = { url = "https://files.pythonhosted.org/packages/b7/64/e097eea8dcd2b2f7df6e4425fc98e7494e37b1a6e149603c31d327080a05/pathspec-0.8.1.tar.gz", hash = "sha256:86379d6b86d75816baba717e64b1a3a3469deb93bb76d613c9ce79edc5cb68fd", size = 26644 }
wheels = [
    { url = "https://files.pythonhosted.org/packages/29/29/a465741a3d97ea3c17d21eaad4c64205428bde56742360876c4391f930d4/pathspec-0.8.1-py2.py3-none-any.whl", hash = "sha256:aa0cb481c4041bf52ffa7b0d8fa6cd3e88a2ca4879c533c9153882ee2556790d", size = 28724 },
]

[[package]]
name = "psutil"
version = "5.8.0"
source = { registry = "https://pypi.org/simple" }
sdist = { url = "https://files.pythonhosted.org/packages/e1/b0/7276de53321c12981717490516b7e612364f2cb372ee8901bd4a66a000d7/psutil-5.8.0.tar.gz", hash = "sha256:0c9ccb99ab76025f2f0bbecf341d4656e9c1351db8cc8a03ccd62e318ab4b5c6", size = 470886 }

[[package]]
name = "py-cpuinfo"
version = "8.0.0"
source = { registry = "https://pypi.org/simple" }
sdist = { url = "https://files.pythonhosted.org/packages/e6/ba/77120e44cbe9719152415b97d5bfb29f4053ee987d6cb63f55ce7d50fadc/py-cpuinfo-8.0.0.tar.gz", hash = "sha256:5f269be0e08e33fd959de96b34cd4aeeeacac014dd8305f70eb28d06de2345c5", size = 99791 }

[[package]]
name = "pyside2"
version = "5.15.2.1"
source = { registry = "https://pypi.org/simple" }
dependencies = [
    { name = "shiboken2" },
]
wheels = [
    { url = "https://files.pythonhosted.org/packages/1b/1f/194ed3a9c79abe4d8e8800112d5c19d0b9d7a1aca8b10029043bb3a083d0/PySide2-5.15.2.1-5.15.2-cp35.cp36.cp37.cp38.cp39.cp310-abi3-macosx_10_13_intel.whl", hash = "sha256:a9e2e6bbcb5d2ebb421e46e72244a0f4fe0943b2288115f80a863aacc1de1f06", size = 148464754 },
    { url = "https://files.pythonhosted.org/packages/c2/9a/78ca8bada6cf4d2798e0c823c025c590517d74445837f4eb50bfddce8737/PySide2-5.15.2.1-5.15.2-cp35.cp36.cp37.cp38.cp39.cp310-abi3-manylinux1_x86_64.whl", hash = "sha256:23886c6391ebd916e835fa1b5ae66938048504fd3a2934ae3189a96cd5ac0b46", size = 164306859 },
]

[[package]]
name = "pysimpleguiqt"
version = "0.35.0"
source = { registry = "https://pypi.org/simple" }
dependencies = [
    { name = "pyside2" },
]
sdist = { url = "https://files.pythonhosted.org/packages/bc/aa/93517e9f48770d2a859e01b8b84278c95eea24303c6c67ca280224247869/PySimpleGUIQt-0.35.0.tar.gz", hash = "sha256:2c18ea261554235a2cdaee76e616d0adc148501e89bf4112a798f2a69bf3c8b5", size = 93994 }
wheels = [
    { url = "https://files.pythonhosted.org/packages/92/cb/f98df66b5d33ac5c71748fdabf4af3894a0440fdbf9e19fc258b5c7b1273/PySimpleGUIQt-0.35.0-py3-none-any.whl", hash = "sha256:312c3305d048cac3f87655546d2648b36d02a5f7e1a958913f8fce1a2098cb6c", size = 82215 },
]

[[package]]
name = "shiboken2"
version = "5.15.2.1"
source = { registry = "https://pypi.org/simple" }
wheels = [
    { url = "https://files.pythonhosted.org/packages/34/bb/7bad766088a8ccb6512c5d5d1520a51fcc9221b3ec371b134d14d1b269a5/shiboken2-5.15.2.1-5.15.2-cp35.cp36.cp37.cp38.cp39.cp310-abi3-macosx_10_13_intel.whl", hash = "sha256:ffd3d0ec3d508e592d7ee3885d27fee1f279a49989f734eb130f46d9501273a9", size = 958579 },
    { url = "https://files.pythonhosted.org/packages/a6/0e/c1953bb08f45e0f1703e7dc153e9c94ba3042c282ebcd94cada385a9cdb3/shiboken2-5.15.2.1-5.15.2-cp35.cp36.cp37.cp38.cp39.cp310-abi3-manylinux1_x86_64.whl", hash = "sha256:63debfcc531b6a2b4985aa9b71433d2ad3bac542acffc729cc0ecaa3854390c0", size = 975428 },
]

[[package]]
name = "six"
version = "1.17.0"
source = { registry = "https://pypi.org/simple" }
sdist = { url = "https://files.pythonhosted.org/packages/94/e7/b2c673351809dca68a0e064b6af791aa332cf192da575fd474ed7d6f16a2/six-1.17.0.tar.gz", hash = "sha256:ff70335d468e7eb6ec65b95b99d3a2836546063f63acc5171de367e834932a81", size = 34031 }
wheels = [
    { url = "https://files.pythonhosted.org/packages/b7/ce/149a00dd41f10bc29e5921b496af8b574d8413afcd5e30dfa0ed46c2cc5e/six-1.17.0-py2.py3-none-any.whl", hash = "sha256:4721f391ed90541fddacab5acf947aa0d3dc7d27b2e1e8eda2be8970586c3274", size = 11050 },
]

[[package]]
name = "werkzeug"
version = "2.0.1"
source = { registry = "https://pypi.org/simple" }
sdist = { url = "https://files.pythonhosted.org/packages/e3/bd/a49e5f756b2f29010b5be321fe02478660dbf8fefea3f078493c86011b5f/Werkzeug-2.0.1.tar.gz", hash = "sha256:1de1db30d010ff1af14a009224ec49ab2329ad2cde454c8a708130642d579c42", size = 892730 }
wheels = [
    { url = "https://files.pythonhosted.org/packages/bd/24/11c3ea5a7e866bf2d97f0501d0b4b1c9bbeade102bb4b588f0d2919a5212/Werkzeug-2.0.1-py3-none-any.whl", hash = "sha256:6c1ec500dcdba0baa27600f6a22f6333d8b662d22027ff9f6202e3367413caa8", size = 288225 },
]
